<?xml version="1.0" encoding="utf-8"?>
<Project ToolsVersion="4.0" xmlns="http://schemas.microsoft.com/developer/msbuild/2003">
  <ItemGroup>
    <Filter Include="头文件">
      <UniqueIdentifier>{93995380-89BD-4b04-88EB-625FBE52EBFB}</UniqueIdentifier>
      <Extensions>h;hh;hpp;hxx;h++;hm;inl;inc;ipp;xsd</Extensions>
    </Filter>
    <Filter Include="资源文件">
      <UniqueIdentifier>{67DA6AB6-F800-4c08-8B7A-83BB121AAD01}</UniqueIdentifier>
      <Extensions>rc;ico;cur;bmp;dlg;rc2;rct;bin;rgs;gif;jpg;jpeg;jpe;resx;tiff;tif;png;wav;mfcribbon-ms</Extensions>
    </Filter>
    <Filter Include="Fun">
      <UniqueIdentifier>{2dad5a28-7063-45ab-a18b-91391c114678}</UniqueIdentifier>
    </Filter>
    <Filter Include="Fun\Data">
      <UniqueIdentifier>{67c8f30c-fba2-41dd-958f-0a8cbc6785e9}</UniqueIdentifier>
    </Filter>
    <Filter Include="Main">
      <UniqueIdentifier>{a0c3c977-85b3-4369-bab8-9215c23b3dcd}</UniqueIdentifier>
    </Filter>
    <Filter Include="CodeTree">
      <UniqueIdentifier>{4FC737F1-C7A5-4376-A066-2A32D752A2FF}</UniqueIdentifier>
      <Extensions>cpp;c;cc;cxx;c++;cppm;ixx;def;odl;idl;hpj;bat;asm;asmx</Extensions>
    </Filter>
    <Filter Include="Fun\Data\PlateForm">
      <UniqueIdentifier>{e9bb81b2-bb40-4f5e-b0d6-8f5491be7f7d}</UniqueIdentifier>
    </Filter>
  </ItemGroup>
  <ItemGroup>
    <ClCompile Include="Coder.cpp">
      <Filter>CodeTree</Filter>
    </ClCompile>
    <ClCompile Include="Login.cpp">
      <Filter>Fun\Data</Filter>
    </ClCompile>
    <ClCompile Include="System_L.cpp">
      <Filter>Fun</Filter>
    </ClCompile>
    <ClCompile Include="CodeSelect.cpp">
      <Filter>Main</Filter>
    </ClCompile>
    <ClCompile Include="Order.cpp">
      <Filter>Main</Filter>
    </ClCompile>
    <ClCompile Include="Game.cpp">
      <Filter>Fun\Data\PlateForm</Filter>
    </ClCompile>
  </ItemGroup>
  <ItemGroup>
    <ClInclude Include="L.h">
      <Filter>头文件</Filter>
    </ClInclude>
    <ClInclude Include="Login.h">
      <Filter>Fun\Data</Filter>
    </ClInclude>
    <ClInclude Include="System_L.h">
      <Filter>Fun</Filter>
    </ClInclude>
    <ClInclude Include="Order.h">
      <Filter>Main</Filter>
    </ClInclude>
    <ClInclude Include="Game.h">
      <Filter>Fun\Data\PlateForm</Filter>
    </ClInclude>
    <ClInclude Include="Coder.h">
      <Filter>CodeTree</Filter>
    </ClInclude>
  </ItemGroup>
</Project>